lockfileVersion: '9.0'

settings:
  autoInstallPeers: false
  excludeLinksFromLockfile: false

catalogs:
  default:
    '@tailwindcss/vite':
      specifier: ^4.1.14
      version: 4.3.0
    '@tanstack/react-query':
      specifier: ^5.90.21
      version: 5.100.14
    '@types/node':
      specifier: ^25.3.3
      version: 25.9.1
    '@types/react':
      specifier: ^19.2.0
      version: 19.2.16
    '@types/react-dom':
      specifier: ^19.2.0
      version: 19.2.3
    '@vitejs/plugin-react':
      specifier: ^5.0.4
      version: 5.2.0
    class-variance-authority:
      specifier: ^0.7.1
      version: 0.7.1
    clsx:
      specifier: ^2.1.1
      version: 2.1.1
    drizzle-orm:
      specifier: ^0.45.2
      version: 0.45.2
    framer-motion:
      specifier: ^12.23.24
      version: 12.40.0
    lucide-react:
      specifier: ^0.545.0
      version: 0.545.0
    react:
      specifier: 19.1.0
      version: 19.1.0
    react-dom:
      specifier: 19.1.0
      version: 19.1.0
    tailwind-merge:
      specifier: ^3.3.1
      version: 3.6.0
    tailwindcss:
      specifier: ^4.1.14
      version: 4.3.0
    tsx:
      specifier: ^4.21.0
      version: 4.22.4
    vite:
      specifier: ^7.3.2
      version: 7.3.5
    zod:
      specifier: ^3.25.76
      version: 3.25.76

overrides:
  '@esbuild-kit/esm-loader': npm:tsx@^4.21.0
  esbuild: 0.27.3

importers:

  .:
    devDependencies:
      prettier:
        specifier: ^3.8.1
        version: 3.8.3
      typescript:
        specifier: ~5.9.2
        version: 5.9.3
